
Microsoft Visual Studio Solution File, Format Version 12.00
# Visual Studio Version 16
VisualStudioVersion = 16.0.30804.86
MinimumVisualStudioVersion = 10.0.40219.1
Project("{FAE04EC0-301F-11D3-BF4B-00C04F79EFBC}") = "Physical Training Schedule", "Physical Training Schedule.csproj", "{36215D55-CE2E-4150-BCA9-666F364F8EC3}"
EndProject
Global
	GlobalSection(SolutionConfigurationPlatforms) = preSolution
		Debug|Any CPU = Debug|Any CPU
		Release|Any CPU = Release|Any CPU
	EndGlobalSection
	GlobalSection(ProjectConfigurationPlatforms) = postSolution
		{36215D55-CE2E-4150-BCA9-666F364F8EC3}.Debug|Any CPU.ActiveCfg = Debug|Any CPU
		{36215D55-CE2E-4150-BCA9-666F364F8EC3}.Debug|Any CPU.Build.0 = Debug|Any CPU
		{36215D55-CE2E-4150-BCA9-666F364F8EC3}.Release|Any CPU.ActiveCfg = Release|Any CPU
		{36215D55-CE2E-4150-BCA9-666F364F8EC3}.Release|Any CPU.Build.0 = Release|Any CPU
	EndGlobalSection
	GlobalSection(SolutionProperties) = preSolution
		HideSolutionNode = FALSE
	EndGlobalSection
	GlobalSection(ExtensibilityGlobals) = postSolution
		SolutionGuid = {62CD7244-3271-4E51-80C2-DB22C981D1C3}
	EndGlobalSection
EndGlobal
